
Microsoft Visual Studio Solution File, Format Version 12.00
# Visual Studio Version 17
VisualStudioVersion = 17.0.31903.59
MinimumVisualStudioVersion = 10.0.40219.1
Project("{2150E333-8FDC-42A3-9474-1A3956D46DE8}") = "src", "src", "{827E0CD3-B72D-47B6-A68D-7590B98EB39B}"
EndProject
Project("{FAE04EC0-301F-11D3-BF4B-00C04F79EFBC}") = "Template.Domain", "src\Template.Domain\Template.Domain.csproj", "{86E50540-ED93-478D-813E-3F40EC611522}"
EndProject
Project("{FAE04EC0-301F-11D3-BF4B-00C04F79EFBC}") = "Template.Infrastructure", "src\Template.Infrastructure\Template.Infrastructure.csproj", "{511C0C2D-010C-4B83-87FE-C3170D81C150}"
EndProject
Project("{FAE04EC0-301F-11D3-BF4B-00C04F79EFBC}") = "Template.WebApi", "src\Template.WebApi\Template.WebApi.csproj", "{CFD89174-248A-4411-B9C9-408BCEE9D48E}"
EndProject
Project("{2150E333-8FDC-42A3-9474-1A3956D46DE8}") = "tests", "tests", "{0AB3BF05-4346-4AA6-1389-037BE0695223}"
EndProject
Project("{FAE04EC0-301F-11D3-BF4B-00C04F79EFBC}") = "Template.Domain.UnitTests", "tests\Template.Domain.UnitTests\Template.Domain.UnitTests.csproj", "{9D47626C-11D0-4542-A48A-67DD0BCE60AF}"
EndProject
Project("{FAE04EC0-301F-11D3-BF4B-00C04F79EFBC}") = "Template.Infrastructure.UnitTests", "tests\Template.Infrastructure.UnitTests\Template.Infrastructure.UnitTests.csproj", "{20F47067-A97B-4876-BEBB-F3CBCD7C0E25}"
EndProject
Project("{FAE04EC0-301F-11D3-BF4B-00C04F79EFBC}") = "Template.IntegrationTests", "tests\Template.IntegrationTests\Template.IntegrationTests.csproj", "{0F522DCB-E7FC-42C7-97B0-C92F22966493}"
EndProject
Project("{FAE04EC0-301F-11D3-BF4B-00C04F79EFBC}") = "Template.Testing.Common", "tests\Template.Testing.Common\Template.Testing.Common.csproj", "{9861C99C-0D90-4954-8943-4E485BAD62D5}"
EndProject
Project("{FAE04EC0-301F-11D3-BF4B-00C04F79EFBC}") = "Template.Application", "src\Template.Application\Template.Application.csproj", "{9735A764-5FCC-4772-B25C-FF7B5C57ECB4}"
EndProject
Project("{FAE04EC0-301F-11D3-BF4B-00C04F79EFBC}") = "Template.Application.UnitTests", "tests\Template.Application.UnitTests\Template.Application.UnitTests.csproj", "{E40312EA-DCA7-4C5D-AEE8-BDA79BAE0BB6}"
EndProject
Project("{FAE04EC0-301F-11D3-BF4B-00C04F79EFBC}") = "Template.WebApi.UnitTests", "tests\Template.WebApi.UnitTests\Template.WebApi.UnitTests.csproj", "{1517E463-92F1-4765-8639-837698C4D981}"
EndProject
Global
	GlobalSection(SolutionConfigurationPlatforms) = preSolution
		Debug|Any CPU = Debug|Any CPU
		Debug|x64 = Debug|x64
		Debug|x86 = Debug|x86
		Release|Any CPU = Release|Any CPU
		Release|x64 = Release|x64
		Release|x86 = Release|x86
	EndGlobalSection
	GlobalSection(ProjectConfigurationPlatforms) = postSolution
		{86E50540-ED93-478D-813E-3F40EC611522}.Debug|Any CPU.ActiveCfg = Debug|Any CPU
		{86E50540-ED93-478D-813E-3F40EC611522}.Debug|Any CPU.Build.0 = Debug|Any CPU
		{86E50540-ED93-478D-813E-3F40EC611522}.Debug|x64.ActiveCfg = Debug|Any CPU
		{86E50540-ED93-478D-813E-3F40EC611522}.Debug|x64.Build.0 = Debug|Any CPU
		{86E50540-ED93-478D-813E-3F40EC611522}.Debug|x86.ActiveCfg = Debug|Any CPU
		{86E50540-ED93-478D-813E-3F40EC611522}.Debug|x86.Build.0 = Debug|Any CPU
		{86E50540-ED93-478D-813E-3F40EC611522}.Release|Any CPU.ActiveCfg = Release|Any CPU
		{86E50540-ED93-478D-813E-3F40EC611522}.Release|Any CPU.Build.0 = Release|Any CPU
		{86E50540-ED93-478D-813E-3F40EC611522}.Release|x64.ActiveCfg = Release|Any CPU
		{86E50540-ED93-478D-813E-3F40EC611522}.Release|x64.Build.0 = Release|Any CPU
		{86E50540-ED93-478D-813E-3F40EC611522}.Release|x86.ActiveCfg = Release|Any CPU
		{86E50540-ED93-478D-813E-3F40EC611522}.Release|x86.Build.0 = Release|Any CPU
		{511C0C2D-010C-4B83-87FE-C3170D81C150}.Debug|Any CPU.ActiveCfg = Debug|Any CPU
		{511C0C2D-010C-4B83-87FE-C3170D81C150}.Debug|Any CPU.Build.0 = Debug|Any CPU
		{511C0C2D-010C-4B83-87FE-C3170D81C150}.Debug|x64.ActiveCfg = Debug|Any CPU
		{511C0C2D-010C-4B83-87FE-C3170D81C150}.Debug|x64.Build.0 = Debug|Any CPU
		{511C0C2D-010C-4B83-87FE-C3170D81C150}.Debug|x86.ActiveCfg = Debug|Any CPU
		{511C0C2D-010C-4B83-87FE-C3170D81C150}.Debug|x86.Build.0 = Debug|Any CPU
		{511C0C2D-010C-4B83-87FE-C3170D81C150}.Release|Any CPU.ActiveCfg = Release|Any CPU
		{511C0C2D-010C-4B83-87FE-C3170D81C150}.Release|Any CPU.Build.0 = Release|Any CPU
		{511C0C2D-010C-4B83-87FE-C3170D81C150}.Release|x64.ActiveCfg = Release|Any CPU
		{511C0C2D-010C-4B83-87FE-C3170D81C150}.Release|x64.Build.0 = Release|Any CPU
		{511C0C2D-010C-4B83-87FE-C3170D81C150}.Release|x86.ActiveCfg = Release|Any CPU
		{511C0C2D-010C-4B83-87FE-C3170D81C150}.Release|x86.Build.0 = Release|Any CPU
		{CFD89174-248A-4411-B9C9-408BCEE9D48E}.Debug|Any CPU.ActiveCfg = Debug|Any CPU
		{CFD89174-248A-4411-B9C9-408BCEE9D48E}.Debug|Any CPU.Build.0 = Debug|Any CPU
		{CFD89174-248A-4411-B9C9-408BCEE9D48E}.Debug|x64.ActiveCfg = Debug|Any CPU
		{CFD89174-248A-4411-B9C9-408BCEE9D48E}.Debug|x64.Build.0 = Debug|Any CPU
		{CFD89174-248A-4411-B9C9-408BCEE9D48E}.Debug|x86.ActiveCfg = Debug|Any CPU
		{CFD89174-248A-4411-B9C9-408BCEE9D48E}.Debug|x86.Build.0 = Debug|Any CPU
		{CFD89174-248A-4411-B9C9-408BCEE9D48E}.Release|Any CPU.ActiveCfg = Release|Any CPU
		{CFD89174-248A-4411-B9C9-408BCEE9D48E}.Release|Any CPU.Build.0 = Release|Any CPU
		{CFD89174-248A-4411-B9C9-408BCEE9D48E}.Release|x64.ActiveCfg = Release|Any CPU
		{CFD89174-248A-4411-B9C9-408BCEE9D48E}.Release|x64.Build.0 = Release|Any CPU
		{CFD89174-248A-4411-B9C9-408BCEE9D48E}.Release|x86.ActiveCfg = Release|Any CPU
		{CFD89174-248A-4411-B9C9-408BCEE9D48E}.Release|x86.Build.0 = Release|Any CPU
		{9D47626C-11D0-4542-A48A-67DD0BCE60AF}.Debug|Any CPU.ActiveCfg = Debug|Any CPU
		{9D47626C-11D0-4542-A48A-67DD0BCE60AF}.Debug|Any CPU.Build.0 = Debug|Any CPU
		{9D47626C-11D0-4542-A48A-67DD0BCE60AF}.Debug|x64.ActiveCfg = Debug|Any CPU
		{9D47626C-11D0-4542-A48A-67DD0BCE60AF}.Debug|x64.Build.0 = Debug|Any CPU
		{9D47626C-11D0-4542-A48A-67DD0BCE60AF}.Debug|x86.ActiveCfg = Debug|Any CPU
		{9D47626C-11D0-4542-A48A-67DD0BCE60AF}.Debug|x86.Build.0 = Debug|Any CPU
		{9D47626C-11D0-4542-A48A-67DD0BCE60AF}.Release|Any CPU.ActiveCfg = Release|Any CPU
		{9D47626C-11D0-4542-A48A-67DD0BCE60AF}.Release|Any CPU.Build.0 = Release|Any CPU
		{9D47626C-11D0-4542-A48A-67DD0BCE60AF}.Release|x64.ActiveCfg = Release|Any CPU
		{9D47626C-11D0-4542-A48A-67DD0BCE60AF}.Release|x64.Build.0 = Release|Any CPU
		{9D47626C-11D0-4542-A48A-67DD0BCE60AF}.Release|x86.ActiveCfg = Release|Any CPU
		{9D47626C-11D0-4542-A48A-67DD0BCE60AF}.Release|x86.Build.0 = Release|Any CPU
		{20F47067-A97B-4876-BEBB-F3CBCD7C0E25}.Debug|Any CPU.ActiveCfg = Debug|Any CPU
		{20F47067-A97B-4876-BEBB-F3CBCD7C0E25}.Debug|Any CPU.Build.0 = Debug|Any CPU
		{20F47067-A97B-4876-BEBB-F3CBCD7C0E25}.Debug|x64.ActiveCfg = Debug|Any CPU
		{20F47067-A97B-4876-BEBB-F3CBCD7C0E25}.Debug|x64.Build.0 = Debug|Any CPU
		{20F47067-A97B-4876-BEBB-F3CBCD7C0E25}.Debug|x86.ActiveCfg = Debug|Any CPU
		{20F47067-A97B-4876-BEBB-F3CBCD7C0E25}.Debug|x86.Build.0 = Debug|Any CPU
		{20F47067-A97B-4876-BEBB-F3CBCD7C0E25}.Release|Any CPU.ActiveCfg = Release|Any CPU
		{20F47067-A97B-4876-BEBB-F3CBCD7C0E25}.Release|Any CPU.Build.0 = Release|Any CPU
		{20F47067-A97B-4876-BEBB-F3CBCD7C0E25}.Release|x64.ActiveCfg = Release|Any CPU
		{20F47067-A97B-4876-BEBB-F3CBCD7C0E25}.Release|x64.Build.0 = Release|Any CPU
		{20F47067-A97B-4876-BEBB-F3CBCD7C0E25}.Release|x86.ActiveCfg = Release|Any CPU
		{20F47067-A97B-4876-BEBB-F3CBCD7C0E25}.Release|x86.Build.0 = Release|Any CPU
		{0F522DCB-E7FC-42C7-97B0-C92F22966493}.Debug|Any CPU.ActiveCfg = Debug|Any CPU
		{0F522DCB-E7FC-42C7-97B0-C92F22966493}.Debug|Any CPU.Build.0 = Debug|Any CPU
		{0F522DCB-E7FC-42C7-97B0-C92F22966493}.Debug|x64.ActiveCfg = Debug|Any CPU
		{0F522DCB-E7FC-42C7-97B0-C92F22966493}.Debug|x64.Build.0 = Debug|Any CPU
		{0F522DCB-E7FC-42C7-97B0-C92F22966493}.Debug|x86.ActiveCfg = Debug|Any CPU
		{0F522DCB-E7FC-42C7-97B0-C92F22966493}.Debug|x86.Build.0 = Debug|Any CPU
		{0F522DCB-E7FC-42C7-97B0-C92F22966493}.Release|Any CPU.ActiveCfg = Release|Any CPU
		{0F522DCB-E7FC-42C7-97B0-C92F22966493}.Release|Any CPU.Build.0 = Release|Any CPU
		{0F522DCB-E7FC-42C7-97B0-C92F22966493}.Release|x64.ActiveCfg = Release|Any CPU
		{0F522DCB-E7FC-42C7-97B0-C92F22966493}.Release|x64.Build.0 = Release|Any CPU
		{0F522DCB-E7FC-42C7-97B0-C92F22966493}.Release|x86.ActiveCfg = Release|Any CPU
		{0F522DCB-E7FC-42C7-97B0-C92F22966493}.Release|x86.Build.0 = Release|Any CPU
		{9861C99C-0D90-4954-8943-4E485BAD62D5}.Debug|Any CPU.ActiveCfg = Debug|Any CPU
		{9861C99C-0D90-4954-8943-4E485BAD62D5}.Debug|Any CPU.Build.0 = Debug|Any CPU
		{9861C99C-0D90-4954-8943-4E485BAD62D5}.Debug|x64.ActiveCfg = Debug|Any CPU
		{9861C99C-0D90-4954-8943-4E485BAD62D5}.Debug|x64.Build.0 = Debug|Any CPU
		{9861C99C-0D90-4954-8943-4E485BAD62D5}.Debug|x86.ActiveCfg = Debug|Any CPU
		{9861C99C-0D90-4954-8943-4E485BAD62D5}.Debug|x86.Build.0 = Debug|Any CPU
		{9861C99C-0D90-4954-8943-4E485BAD62D5}.Release|Any CPU.ActiveCfg = Release|Any CPU
		{9861C99C-0D90-4954-8943-4E485BAD62D5}.Release|Any CPU.Build.0 = Release|Any CPU
		{9861C99C-0D90-4954-8943-4E485BAD62D5}.Release|x64.ActiveCfg = Release|Any CPU
		{9861C99C-0D90-4954-8943-4E485BAD62D5}.Release|x64.Build.0 = Release|Any CPU
		{9861C99C-0D90-4954-8943-4E485BAD62D5}.Release|x86.ActiveCfg = Release|Any CPU
		{9861C99C-0D90-4954-8943-4E485BAD62D5}.Release|x86.Build.0 = Release|Any CPU
		{9735A764-5FCC-4772-B25C-FF7B5C57ECB4}.Debug|Any CPU.ActiveCfg = Debug|Any CPU
		{9735A764-5FCC-4772-B25C-FF7B5C57ECB4}.Debug|Any CPU.Build.0 = Debug|Any CPU
		{9735A764-5FCC-4772-B25C-FF7B5C57ECB4}.Debug|x64.ActiveCfg = Debug|Any CPU
		{9735A764-5FCC-4772-B25C-FF7B5C57ECB4}.Debug|x64.Build.0 = Debug|Any CPU
		{9735A764-5FCC-4772-B25C-FF7B5C57ECB4}.Debug|x86.ActiveCfg = Debug|Any CPU
		{9735A764-5FCC-4772-B25C-FF7B5C57ECB4}.Debug|x86.Build.0 = Debug|Any CPU
		{9735A764-5FCC-4772-B25C-FF7B5C57ECB4}.Release|Any CPU.ActiveCfg = Release|Any CPU
		{9735A764-5FCC-4772-B25C-FF7B5C57ECB4}.Release|Any CPU.Build.0 = Release|Any CPU
		{9735A764-5FCC-4772-B25C-FF7B5C57ECB4}.Release|x64.ActiveCfg = Release|Any CPU
		{9735A764-5FCC-4772-B25C-FF7B5C57ECB4}.Release|x64.Build.0 = Release|Any CPU
		{9735A764-5FCC-4772-B25C-FF7B5C57ECB4}.Release|x86.ActiveCfg = Release|Any CPU
		{9735A764-5FCC-4772-B25C-FF7B5C57ECB4}.Release|x86.Build.0 = Release|Any CPU
		{E40312EA-DCA7-4C5D-AEE8-BDA79BAE0BB6}.Debug|Any CPU.ActiveCfg = Debug|Any CPU
		{E40312EA-DCA7-4C5D-AEE8-BDA79BAE0BB6}.Debug|Any CPU.Build.0 = Debug|Any CPU
		{E40312EA-DCA7-4C5D-AEE8-BDA79BAE0BB6}.Debug|x64.ActiveCfg = Debug|Any CPU
		{E40312EA-DCA7-4C5D-AEE8-BDA79BAE0BB6}.Debug|x64.Build.0 = Debug|Any CPU
		{E40312EA-DCA7-4C5D-AEE8-BDA79BAE0BB6}.Debug|x86.ActiveCfg = Debug|Any CPU
		{E40312EA-DCA7-4C5D-AEE8-BDA79BAE0BB6}.Debug|x86.Build.0 = Debug|Any CPU
		{E40312EA-DCA7-4C5D-AEE8-BDA79BAE0BB6}.Release|Any CPU.ActiveCfg = Release|Any CPU
		{E40312EA-DCA7-4C5D-AEE8-BDA79BAE0BB6}.Release|Any CPU.Build.0 = Release|Any CPU
		{E40312EA-DCA7-4C5D-AEE8-BDA79BAE0BB6}.Release|x64.ActiveCfg = Release|Any CPU
		{E40312EA-DCA7-4C5D-AEE8-BDA79BAE0BB6}.Release|x64.Build.0 = Release|Any CPU
		{E40312EA-DCA7-4C5D-AEE8-BDA79BAE0BB6}.Release|x86.ActiveCfg = Release|Any CPU
		{E40312EA-DCA7-4C5D-AEE8-BDA79BAE0BB6}.Release|x86.Build.0 = Release|Any CPU
		{1517E463-92F1-4765-8639-837698C4D981}.Debug|Any CPU.ActiveCfg = Debug|Any CPU
		{1517E463-92F1-4765-8639-837698C4D981}.Debug|Any CPU.Build.0 = Debug|Any CPU
		{1517E463-92F1-4765-8639-837698C4D981}.Debug|x64.ActiveCfg = Debug|Any CPU
		{1517E463-92F1-4765-8639-837698C4D981}.Debug|x64.Build.0 = Debug|Any CPU
		{1517E463-92F1-4765-8639-837698C4D981}.Debug|x86.ActiveCfg = Debug|Any CPU
		{1517E463-92F1-4765-8639-837698C4D981}.Debug|x86.Build.0 = Debug|Any CPU
		{1517E463-92F1-4765-8639-837698C4D981}.Release|Any CPU.ActiveCfg = Release|Any CPU
		{1517E463-92F1-4765-8639-837698C4D981}.Release|Any CPU.Build.0 = Release|Any CPU
		{1517E463-92F1-4765-8639-837698C4D981}.Release|x64.ActiveCfg = Release|Any CPU
		{1517E463-92F1-4765-8639-837698C4D981}.Release|x64.Build.0 = Release|Any CPU
		{1517E463-92F1-4765-8639-837698C4D981}.Release|x86.ActiveCfg = Release|Any CPU
		{1517E463-92F1-4765-8639-837698C4D981}.Release|x86.Build.0 = Release|Any CPU
	EndGlobalSection
	GlobalSection(SolutionProperties) = preSolution
		HideSolutionNode = FALSE
	EndGlobalSection
	GlobalSection(NestedProjects) = preSolution
		{86E50540-ED93-478D-813E-3F40EC611522} = {827E0CD3-B72D-47B6-A68D-7590B98EB39B}
		{511C0C2D-010C-4B83-87FE-C3170D81C150} = {827E0CD3-B72D-47B6-A68D-7590B98EB39B}
		{CFD89174-248A-4411-B9C9-408BCEE9D48E} = {827E0CD3-B72D-47B6-A68D-7590B98EB39B}
		{9D47626C-11D0-4542-A48A-67DD0BCE60AF} = {0AB3BF05-4346-4AA6-1389-037BE0695223}
		{20F47067-A97B-4876-BEBB-F3CBCD7C0E25} = {0AB3BF05-4346-4AA6-1389-037BE0695223}
		{0F522DCB-E7FC-42C7-97B0-C92F22966493} = {0AB3BF05-4346-4AA6-1389-037BE0695223}
		{9861C99C-0D90-4954-8943-4E485BAD62D5} = {0AB3BF05-4346-4AA6-1389-037BE0695223}
		{9735A764-5FCC-4772-B25C-FF7B5C57ECB4} = {827E0CD3-B72D-47B6-A68D-7590B98EB39B}
		{E40312EA-DCA7-4C5D-AEE8-BDA79BAE0BB6} = {0AB3BF05-4346-4AA6-1389-037BE0695223}
		{1517E463-92F1-4765-8639-837698C4D981} = {0AB3BF05-4346-4AA6-1389-037BE0695223}
	EndGlobalSection
EndGlobal
